{"version":4,"terraform_version":"1.11.2","serial":1,"lineage":"b7423aca-59a4-420b-5ceb-e4f1379821cf","outputs":{},"resources":[{"mode":"managed","type":"powerdns_record","name":"record_list","provider":"provider[\"registry.opentofu.org/pan-net/powerdns\"]","instances":[{"index_key":"exp-incus-standalone","schema_version":0,"attributes":{"id":"exp-incus-standalone.hc.deney.io.:::A","name":"exp-incus-standalone.hc.deney.io.","records":["10.10.30.16"],"set_ptr":null,"ttl":300,"type":"A","zone":"hc.deney.io."},"sensitive_attributes":[],"private":"bnVsbA=="}]},{"mode":"managed","type":"random_id","name":"implementation","provider":"provider[\"registry.opentofu.org/hashicorp/random\"]","instances":[{"schema_version":0,"attributes":{"b64_std":"HOMH","b64_url":"HOMH","byte_length":3,"dec":"1893127","hex":"1ce307","id":"HOMH","keepers":null,"prefix":null},"sensitive_attributes":[]}]}],"check_results":null}
