{"version":4,"terraform_version":"1.11.2","serial":1,"lineage":"4c599253-274e-c0fb-6da3-25c5163c6564","outputs":{},"resources":[{"mode":"managed","type":"powerdns_record","name":"record_list","provider":"provider[\"registry.opentofu.org/pan-net/powerdns\"]","instances":[{"index_key":"agent-sandbox","schema_version":0,"attributes":{"id":"agent-sandbox.hc.deney.io.:::A","name":"agent-sandbox.hc.deney.io.","records":["10.10.30.13"],"set_ptr":null,"ttl":300,"type":"A","zone":"hc.deney.io."},"sensitive_attributes":[],"private":"bnVsbA=="}]},{"mode":"managed","type":"random_id","name":"implementation","provider":"provider[\"registry.opentofu.org/hashicorp/random\"]","instances":[{"schema_version":0,"attributes":{"b64_std":"inb5","b64_url":"inb5","byte_length":3,"dec":"9074425","hex":"8a76f9","id":"inb5","keepers":null,"prefix":null},"sensitive_attributes":[]}]}],"check_results":null}
