{"version":4,"terraform_version":"1.11.2","serial":22,"lineage":"73d9ef4a-c586-8041-f5d2-a6968b9207d5","outputs":{},"resources":[{"mode":"data","type":"external","name":"get_local_username","provider":"provider[\"registry.opentofu.org/hashicorp/external\"]","instances":[{"schema_version":0,"attributes":{"id":"-","program":["jq","-n","env | {username:.USER}"],"query":null,"result":{"username":"selvaran"},"working_dir":null},"sensitive_attributes":[]}]},{"mode":"data","type":"local_file","name":"cloud_init_ssh_key_pub","provider":"provider[\"registry.opentofu.org/hashicorp/local\"]","instances":[{"schema_version":0,"attributes":{"content":"ssh-ed25519 AAAAC3NzaC1lZDI1NTE5AAAAIMToPIBF73uxnh1L8LDl1exh54AT5CTvFnoap8E2ULUh selvaran@selvaran\n","content_base64":"c3NoLWVkMjU1MTkgQUFBQUMzTnphQzFsWkRJMU5URTVBQUFBSU1Ub1BJQkY3M3V4bmgxTDhMRGwxZXhoNTRBVDVDVHZGbm9hcDhFMlVMVWggc2VsdmFyYW5Ac2VsdmFyYW4K","content_base64sha256":"1eN8PEv4tYtWDIh5I93FTyQukkaQ3nV5Vgo6eJoaHWE=","content_base64sha512":"ta/AJ8yDoWPu0BkQukN2gHy9RFAuo7L++DD1P3Rwws6QC45IuyeaXHzOkG6rANSJg8uTyxwiD3tmmn6Sv60Acw==","content_md5":"d9820b854730f5b089d5347e24026558","content_sha1":"9d4520303c072abec9ab811d69d877bd11df12ea","content_sha256":"d5e37c3c4bf8b58b560c887923ddc54f242e924690de7579560a3a789a1a1d61","content_sha512":"b5afc027cc83a163eed01910ba4376807cbd44502ea3b2fef830f53f7470c2ce900b8e48bb279a5c7cce906eab00d48983cb93cb1c220f7b669a7e92bfad0073","filename":"/home/selvaran/.ssh/id_ed25519.pub","id":"9d4520303c072abec9ab811d69d877bd11df12ea"},"sensitive_attributes":[]}]},{"mode":"managed","type":"incus_instance","name":"system","provider":"provider[\"registry.opentofu.org/lxc/incus\"]","instances":[{"index_key":"agent-sandbox","schema_version":0,"attributes":{"architecture":"x86_64","config":{"boot.autostart":"true","cloud-init.network-config":"network:\n    version: 2\n    ethernets:\n        eth0:\n            dhcp4: false\n            dhcp6: false\n            addresses: [ 10.10.30.13/24 ]\n            routes:\n              - to: default\n                via: 10.10.30.1\n            nameservers:\n              search: [ hc.deney.io, local ]\n              addresses: [ 10.10.30.3 ]\n","cloud-init.user-data":"#cloud-config\n\"packages\":\n- \"openssh-server\"\n\"users\":\n- \"default\"\n- \"groups\": \"users, admin\"\n  \"lock_passwd\": true\n  \"name\": \"selvaran\"\n  \"primary_group\": \"selvaran\"\n  \"shell\": \"/bin/bash\"\n  \"ssh_authorized_keys\":\n  - |\n    ssh-ed25519 AAAAC3NzaC1lZDI1NTE5AAAAIMToPIBF73uxnh1L8LDl1exh54AT5CTvFnoap8E2ULUh selvaran@selvaran\n  \"sudo\": \"ALL=(ALL) NOPASSWD:ALL\"\n","limits.cpu":"4","limits.memory":"4GiB"},"description":"","device":[{"name":"data","properties":{"path":"/data","pool":"local","source":"agent-sandbox-data"},"type":"disk"},{"name":"eth0","properties":{"nictype":"bridged","parent":"externalbr0"},"type":"nic"},{"name":"root","properties":{"path":"/","pool":"local","size":"30GiB"},"type":"disk"}],"ephemeral":false,"exec":null,"file":[],"image":"images:ubuntu/resolute/cloud/amd64","ipv4_address":"10.10.30.13","ipv6_address":"fd75:961:65e0:4c67:1266:6aff:fe3f:83bd","mac_address":"10:66:6a:3f:83:bd","name":"agent-sandbox","profiles":["default"],"project":null,"remote":null,"running":true,"source_file":null,"source_instance":null,"status":"Running","target":"","type":"container","wait_for":[]},"sensitive_attributes":[],"dependencies":["data.external.get_local_username","data.local_file.cloud_init_ssh_key_pub","incus_storage_volume.data"]}]},{"mode":"managed","type":"incus_storage_volume","name":"data","provider":"provider[\"registry.opentofu.org/lxc/incus\"]","instances":[{"index_key":"agent-sandbox","schema_version":0,"attributes":{"config":{"size":"10GiB"},"content_type":"filesystem","description":"","file":[],"location":"none","name":"agent-sandbox-data","pool":"local","project":null,"remote":null,"source_file":null,"source_volume":null,"target":"","type":"custom"},"sensitive_attributes":[]}]},{"mode":"managed","type":"local_file","name":"ansible_tofu_vars_file","provider":"provider[\"registry.opentofu.org/hashicorp/local\"]","instances":[{"schema_version":0,"attributes":{"content":"\"iac_implementation_id\": \"57df59\"\n\"implementation_tag\": \"agent-sandbox\"\n\"infrastructure_tag\": \"experiment\"\n","content_base64":null,"content_base64sha256":"tC3rRd+3S8ciCIOzCXrNZqJrtsQd4Q80OLCTXv66CY0=","content_base64sha512":"k405X1KVFOnfSWalRv7QlcPyK/Gc+nbhRf3BrvjluAYXyP3v5wYpDMd7mjqiZmUVfV/9bd5fezt0bKtgMyBOqg==","content_md5":"35fcd316d76408517a144e5ef561a96f","content_sha1":"da36e02701a49661cc01e1ce86d5cd2b35aca1f6","content_sha256":"b42deb45dfb74bc7220883b3097acd66a26bb6c41de10f3438b0935efeba098d","content_sha512":"938d395f529514e9df4966a546fed095c3f22bf19cfa76e145fdc1aef8e5b80617c8fdefe706290cc77b9a3aa26665157d5ffd6dde5f7b3b746cab6033204eaa","directory_permission":"0777","file_permission":"0777","filename":"../ansible/inventories/group_vars/tofu_vars.yml","id":"da36e02701a49661cc01e1ce86d5cd2b35aca1f6","sensitive_content":null,"source":null},"sensitive_attributes":[[{"type":"get_attr","value":"sensitive_content"}]],"dependencies":["random_id.implementation"]}]},{"mode":"managed","type":"local_file","name":"system_ansible_inventory","provider":"provider[\"registry.opentofu.org/hashicorp/local\"]","instances":[{"schema_version":0,"attributes":{"content":"all:\n  children:\n    system:\n      hosts:\n        agent-sandbox:\n          acme_dns_reg_cert_domains: []\n          acme_dns_replicate_registration: []\n          additional_disk_device_path: /dev/disk/by-id/scsi-0QEMU_QEMU_HARDDISK_incus_data\n          ansible_host: 10.10.30.13\n          certbot_domains: []\n          fq_hostname: agent-sandbox.hc.deney.io\n          net_default_gateway: 10.10.30.1\n          net_dns: 10.10.30.3\n          static_ipv4_to_use: 10.10.30.13\n    tofu_vars:\n      children:\n        system: {}\n","content_base64":null,"content_base64sha256":"EP2Oazec21GVxVqSFZa1mtsv/dEpiq/uX7uClQdImt4=","content_base64sha512":"Cf/kmqwG1juNC/fvN2rKYHf3e82Lq7+NeWCZWrxVTjF74FJuEhgk6+vNfY2IBlQw7VD2DmngxV8uxbP37csE4g==","content_md5":"f9c97b46fbcfd64fafd4279e1b078b52","content_sha1":"e5ccce1fa92caff62e7b8932622d33ff7f35a16e","content_sha256":"10fd8e6b379cdb5195c55a921596b59adb2ffdd1298aafee5fbb829507489ade","content_sha512":"09ffe49aac06d63b8d0bf7ef376aca6077f77bcd8babbf8d7960995abc554e317be0526e121824ebebcd7d8d88065430ed50f60e69e0c55f2ec5b3f7edcb04e2","directory_permission":"0777","file_permission":"0777","filename":"../ansible/inventories/hosts.yml","id":"e5ccce1fa92caff62e7b8932622d33ff7f35a16e","sensitive_content":null,"source":null},"sensitive_attributes":[[{"type":"get_attr","value":"sensitive_content"}]],"dependencies":["data.external.get_local_username","data.local_file.cloud_init_ssh_key_pub","incus_instance.system","incus_storage_volume.data"]}]},{"mode":"managed","type":"null_resource","name":"system_provisioning_pre_initialization","provider":"provider[\"registry.opentofu.org/hashicorp/null\"]","instances":[{"schema_version":0,"attributes":{"id":"6951390559236986411","triggers":{"instance_ids":"agent-sandbox"}},"sensitive_attributes":[],"dependencies":["data.external.get_local_username","data.local_file.cloud_init_ssh_key_pub","incus_instance.system","incus_storage_volume.data","local_file.ansible_tofu_vars_file","local_file.system_ansible_inventory","random_id.implementation"]}]},{"mode":"managed","type":"null_resource","name":"system_provisioning_server_config","provider":"provider[\"registry.opentofu.org/hashicorp/null\"]","instances":[{"schema_version":0,"attributes":{"id":"3446340833663909480","triggers":{"instance_ids":"agent-sandbox"}},"sensitive_attributes":[],"dependencies":["data.external.get_local_username","data.local_file.cloud_init_ssh_key_pub","incus_instance.system","incus_storage_volume.data","local_file.ansible_tofu_vars_file","local_file.system_ansible_inventory","null_resource.system_provisioning_pre_initialization","random_id.implementation"]}]},{"mode":"managed","type":"random_id","name":"implementation","provider":"provider[\"registry.opentofu.org/hashicorp/random\"]","instances":[{"schema_version":0,"attributes":{"b64_std":"V99Z","b64_url":"V99Z","byte_length":3,"dec":"5758809","hex":"57df59","id":"V99Z","keepers":null,"prefix":null},"sensitive_attributes":[]}]}],"check_results":null}
