{"version":4,"terraform_version":"1.11.2","serial":16,"lineage":"e1b960b8-afab-0cad-3407-dd4ece43168d","outputs":{},"resources":[{"mode":"data","type":"external","name":"get_local_username","provider":"provider[\"registry.opentofu.org/hashicorp/external\"]","instances":[{"schema_version":0,"attributes":{"id":"-","program":["jq","-n","env | {username:.USER}"],"query":null,"result":{"username":"mattjohnson"},"working_dir":null},"sensitive_attributes":[]}]},{"mode":"data","type":"local_file","name":"acme_dns_registrations","provider":"provider[\"registry.opentofu.org/hashicorp/local\"]","instances":[{"index_key":"prometheus-prometheus.hc.deney.io","schema_version":0,"attributes":{"content":"253323ae-ebcb-4b95-81a5-552bf0867dbf.assist-req.deney.io\n","content_base64":"MjUzMzIzYWUtZWJjYi00Yjk1LTgxYTUtNTUyYmYwODY3ZGJmLmFzc2lzdC1yZXEuZGVuZXkuaW8K","content_base64sha256":"nAbS+N6WXzaLEBnNs/Q9GN9WWoXX3schTHJ12F9+bBs=","content_base64sha512":"JRPYGuyc1IK6wQZmm76za0FeXteIItR9rC5kDZ5AbK5zAm2THb6I2RpAxNAFHYvIUIC3ZuwD50bLMD5qNy1QXw==","content_md5":"c5d0a13709d278499385a7e6ba5b4776","content_sha1":"d5fe8434266b4eabb4b8afed0731b6e2227707c6","content_sha256":"9c06d2f8de965f368b1019cdb3f43d18df565a85d7dec7214c7275d85f7e6c1b","content_sha512":"2513d81aec9cd482bac106669bbeb36b415e5ed78822d47dac2e640d9e406cae73026d931dbe88d91a40c4d0051d8bc85080b766ec03e746cb303e6a372d505f","filename":"../ansible/acme-dns-registrations/prometheus.hc.deney.io","id":"d5fe8434266b4eabb4b8afed0731b6e2227707c6"},"sensitive_attributes":[]}]},{"mode":"data","type":"local_file","name":"cloud_init_ssh_key_pub","provider":"provider[\"registry.opentofu.org/hashicorp/local\"]","instances":[{"schema_version":0,"attributes":{"content":"ssh-ed25519 AAAAC3NzaC1lZDI1NTE5AAAAIM2Gf3rpa3TyHvZgA/v0+84xealEhUgo4GV4XxcE4hf0 m@ttjohnson.com:matt-mbp2019:20231204:ed25519\n","content_base64":"c3NoLWVkMjU1MTkgQUFBQUMzTnphQzFsWkRJMU5URTVBQUFBSU0yR2YzcnBhM1R5SHZaZ0EvdjArODR4ZWFsRWhVZ280R1Y0WHhjRTRoZjAgbUB0dGpvaG5zb24uY29tOm1hdHQtbWJwMjAxOToyMDIzMTIwNDplZDI1NTE5Cg==","content_base64sha256":"QgX+0xS7PGigbhHJY0rf8j4rvKAwPH3SbvdbB6a0g5Q=","content_base64sha512":"Ld/i+Q4X6dIbH4+BvfovpbG9LhiRaeTuvU79U1NsJe85g/qQ7Qh2mPSjqzQXtDJFD2XFSi9ZdP99paBraCIobw==","content_md5":"37a97f62edf69fe42e096d83a5406632","content_sha1":"cf05797f788222e74423abd75eabc6213493cb23","content_sha256":"4205fed314bb3c68a06e11c9634adff23e2bbca0303c7dd26ef75b07a6b48394","content_sha512":"2ddfe2f90e17e9d21b1f8f81bdfa2fa5b1bd2e189169e4eebd4efd53536c25ef3983fa90ed087698f4a3ab3417b432450f65c54a2f5974ff7da5a06b6822286f","filename":"/Users/mattjohnson/.ssh/id_ed25519.pub","id":"cf05797f788222e74423abd75eabc6213493cb23"},"sensitive_attributes":[]}]},{"mode":"managed","type":"cloudflare_dns_record","name":"dns_records","provider":"provider[\"registry.opentofu.org/cloudflare/cloudflare\"]","instances":[{"index_key":"prometheus-prometheus.hc.deney.io","schema_version":0,"attributes":{"comment":"assistant to the requestor","comment_modified_on":"2026-02-17T05:15:17Z","content":"253323ae-ebcb-4b95-81a5-552bf0867dbf.assist-req.deney.io","created_on":"2026-02-17T05:15:17Z","data":null,"id":"9f260cfde63c5c94d77c89d2e1de2416","meta":"{}","modified_on":"2026-02-17T05:15:17Z","name":"_acme-challenge.prometheus.hc.deney.io","priority":null,"proxiable":true,"proxied":false,"settings":{"flatten_cname":false,"ipv4_only":null,"ipv6_only":null},"tags":[],"tags_modified_on":null,"ttl":300,"type":"CNAME","zone_id":"754fba9a7cd7a3b7be24dc381d47c636"},"sensitive_attributes":[],"dependencies":["data.external.get_local_username","data.local_file.acme_dns_registrations","data.local_file.cloud_init_ssh_key_pub","incus_instance.system","incus_storage_volume.backups","incus_storage_volume.data","local_file.ansible_tofu_vars_file","local_file.system_ansible_inventory","null_resource.system_provisioning_pre_initialization","random_id.implementation"]}]},{"mode":"managed","type":"incus_instance","name":"system","provider":"provider[\"registry.opentofu.org/lxc/incus\"]","instances":[{"index_key":"prometheus","schema_version":0,"attributes":{"architecture":"x86_64","config":{"boot.autostart":"true","cloud-init.network-config":"network:\n    version: 2\n    ethernets:\n        eth0:\n            dhcp4: false\n            dhcp6: false\n            addresses: [ 10.10.30.11/24 ]\n            routes:\n              - to: default\n                via: 10.10.30.1\n            nameservers:\n              search: [ hc.deney.io, local ]\n              addresses: [ 10.10.30.3 ]\n","cloud-init.user-data":"#cloud-config\n\"packages\":\n- \"openssh-server\"\n\"users\":\n- \"default\"\n- \"groups\": \"users, admin\"\n  \"lock_passwd\": true\n  \"name\": \"mattjohnson\"\n  \"primary_group\": \"mattjohnson\"\n  \"shell\": \"/bin/bash\"\n  \"ssh_authorized_keys\":\n  - |\n    ssh-ed25519 AAAAC3NzaC1lZDI1NTE5AAAAIM2Gf3rpa3TyHvZgA/v0+84xealEhUgo4GV4XxcE4hf0 m@ttjohnson.com:matt-mbp2019:20231204:ed25519\n  \"sudo\": \"ALL=(ALL) NOPASSWD:ALL\"\n","limits.cpu":"2","limits.memory":"2GiB"},"description":"","device":[{"name":"backups","properties":{"path":"/backups","pool":"nas_lab_backup","source":"prometheus"},"type":"disk"},{"name":"data","properties":{"path":"/data","pool":"local","source":"prometheus-data"},"type":"disk"},{"name":"eth0","properties":{"nictype":"bridged","parent":"externalbr0"},"type":"nic"},{"name":"root","properties":{"path":"/","pool":"local","size":"50GiB"},"type":"disk"}],"ephemeral":false,"file":[],"image":"images:ubuntu/noble/cloud/amd64","ipv4_address":"10.10.30.11","ipv6_address":"fd75:961:65e0:4c67:1266:6aff:fe1f:b1e7","mac_address":"10:66:6a:1f:b1:e7","name":"prometheus","profiles":["default"],"project":null,"remote":null,"running":true,"source_file":null,"source_instance":null,"status":"Running","target":"","type":"container","wait_for":[]},"sensitive_attributes":[],"dependencies":["data.external.get_local_username","data.local_file.cloud_init_ssh_key_pub","incus_storage_volume.backups","incus_storage_volume.data"]}]},{"mode":"managed","type":"incus_storage_volume","name":"backups","provider":"provider[\"registry.opentofu.org/lxc/incus\"]","instances":[{"index_key":"prometheus-backups","schema_version":0,"attributes":{"config":{"security.unmapped":"true"},"content_type":"filesystem","description":"","location":"none","name":"prometheus","pool":"nas_lab_backup","project":null,"remote":null,"source_file":null,"source_volume":null,"target":"","type":"custom"},"sensitive_attributes":[]}]},{"mode":"managed","type":"incus_storage_volume","name":"data","provider":"provider[\"registry.opentofu.org/lxc/incus\"]","instances":[{"index_key":"prometheus","schema_version":0,"attributes":{"config":{"size":"50GiB"},"content_type":"filesystem","description":"","location":"none","name":"prometheus-data","pool":"local","project":null,"remote":null,"source_file":null,"source_volume":null,"target":"","type":"custom"},"sensitive_attributes":[]}]},{"mode":"managed","type":"local_file","name":"ansible_tofu_vars_file","provider":"provider[\"registry.opentofu.org/hashicorp/local\"]","instances":[{"schema_version":0,"attributes":{"content":"\"iac_implementation_id\": \"ebd4be\"\n\"implementation_tag\": \"prometheus\"\n\"infrastructure_tag\": \"experiment\"\n","content_base64":null,"content_base64sha256":"0wMxAAcbIf5VQaXGZQNjunRRdvQK8THEmg++pGNTvJ0=","content_base64sha512":"vXTTip2UeS5+51gF/T6HJ7dim5LoP5/loommdD52gR3Ur6SQNJsi0jdQSAquvMRTvzsWT2uusvXuUZUMeeRR1w==","content_md5":"43348865c6b8a7662a4e839cdc47e7f8","content_sha1":"c4bac6db942fd97f51c563cfe9914e34ccc67711","content_sha256":"d3033100071b21fe5541a5c6650363ba745176f40af131c49a0fbea46353bc9d","content_sha512":"bd74d38a9d94792e7ee75805fd3e8727b7629b92e83f9fe5a289a6743e76811dd4afa490349b22d23750480aaebcc453bf3b164f6baeb2f5ee51950c79e451d7","directory_permission":"0777","file_permission":"0777","filename":"../ansible/inventories/group_vars/tofu_vars.yml","id":"c4bac6db942fd97f51c563cfe9914e34ccc67711","sensitive_content":null,"source":null},"sensitive_attributes":[[{"type":"get_attr","value":"sensitive_content"}]],"dependencies":["random_id.implementation"]}]},{"mode":"managed","type":"local_file","name":"system_ansible_inventory","provider":"provider[\"registry.opentofu.org/hashicorp/local\"]","instances":[{"schema_version":0,"attributes":{"content":"all:\n  children:\n    system:\n      hosts:\n        prometheus:\n          acme_dns_reg_cert_domains:\n          - prometheus.hc.deney.io\n          acme_dns_replicate_registration: []\n          additional_disk_device_path: /dev/disk/by-id/scsi-0QEMU_QEMU_HARDDISK_incus_data\n          ansible_host: 10.10.30.11\n          certbot_domains:\n          - prometheus.hc.deney.io\n          fq_hostname: prometheus.hc.deney.io\n          net_default_gateway: 10.10.30.1\n          net_dns: 10.10.30.3\n          static_ipv4_to_use: 10.10.30.11\n    tofu_vars:\n      children:\n        system: {}\n","content_base64":null,"content_base64sha256":"jcfC06zXmbTC8f9wI4PZetNe3QT3TTPsSQieUvL8v68=","content_base64sha512":"gZU2eOBFFRuGqFqRgBLzvUtPUCvdvC9sOyTSAOoSh6fw80ica84cDMTJ/IUisjSBXGRQDyO9VonRHNuIc5eQ5w==","content_md5":"4b7aa7f6aa763b0634d610de14dd1ae7","content_sha1":"4994a6fa08f5421ab04eaba56199f4df743ec71a","content_sha256":"8dc7c2d3acd799b4c2f1ff702383d97ad35edd04f74d33ec49089e52f2fcbfaf","content_sha512":"81953678e045151b86a85a918012f3bd4b4f502bddbc2f6c3b24d200ea1287a7f0f3489c6bce1c0cc4c9fc8522b234815c64500f23bd5689d11cdb88739790e7","directory_permission":"0777","file_permission":"0777","filename":"../ansible/inventories/hosts.yml","id":"4994a6fa08f5421ab04eaba56199f4df743ec71a","sensitive_content":null,"source":null},"sensitive_attributes":[[{"type":"get_attr","value":"sensitive_content"}]],"dependencies":["data.external.get_local_username","data.local_file.cloud_init_ssh_key_pub","incus_instance.system","incus_storage_volume.backups","incus_storage_volume.data"]}]},{"mode":"managed","type":"null_resource","name":"system_provisioning_pre_initialization","provider":"provider[\"registry.opentofu.org/hashicorp/null\"]","instances":[{"schema_version":0,"attributes":{"id":"2361995169530950450","triggers":{"instance_ids":"prometheus"}},"sensitive_attributes":[],"dependencies":["data.external.get_local_username","data.local_file.cloud_init_ssh_key_pub","incus_instance.system","incus_storage_volume.backups","incus_storage_volume.data","local_file.ansible_tofu_vars_file","local_file.system_ansible_inventory","random_id.implementation"]}]},{"mode":"managed","type":"null_resource","name":"system_provisioning_server_config","provider":"provider[\"registry.opentofu.org/hashicorp/null\"]","instances":[{"schema_version":0,"attributes":{"id":"5418534008304077731","triggers":{"instance_ids":"prometheus"}},"sensitive_attributes":[],"dependencies":["data.external.get_local_username","data.local_file.cloud_init_ssh_key_pub","incus_instance.system","incus_storage_volume.backups","incus_storage_volume.data","local_file.ansible_tofu_vars_file","local_file.system_ansible_inventory","null_resource.system_provisioning_pre_initialization","random_id.implementation"]}]},{"mode":"managed","type":"powerdns_record","name":"record_list","provider":"provider[\"registry.opentofu.org/pan-net/powerdns\"]","instances":[{"index_key":"prometheus","schema_version":0,"attributes":{"id":"prometheus.hc.deney.io.:::A","name":"prometheus.hc.deney.io.","records":["10.10.30.11"],"set_ptr":null,"ttl":300,"type":"A","zone":"hc.deney.io."},"sensitive_attributes":[],"private":"bnVsbA=="}]},{"mode":"managed","type":"random_id","name":"implementation","provider":"provider[\"registry.opentofu.org/hashicorp/random\"]","instances":[{"schema_version":0,"attributes":{"b64_std":"69S+","b64_url":"69S-","byte_length":3,"dec":"15455422","hex":"ebd4be","id":"69S-","keepers":null,"prefix":null},"sensitive_attributes":[]}]}],"check_results":null}
