{"version":4,"terraform_version":"1.11.2","serial":11,"lineage":"16382897-f9bb-9027-ba5b-4559ea13603a","outputs":{},"resources":[{"mode":"data","type":"external","name":"get_local_username","provider":"provider[\"registry.opentofu.org/hashicorp/external\"]","instances":[{"schema_version":0,"attributes":{"id":"-","program":["jq","-n","env | {username: (.USER // \"\"), ssh_auth_sock: (.SSH_AUTH_SOCK // \"\")}"],"query":null,"result":{"ssh_auth_sock":"/var/run/com.apple.launchd.0o7WuCpGxa/Listeners","username":"mattjohnson"},"working_dir":null},"sensitive_attributes":[]}]},{"mode":"data","type":"local_file","name":"cloud_init_ssh_key_pub","provider":"provider[\"registry.opentofu.org/hashicorp/local\"]","instances":[{"schema_version":0,"attributes":{"content":"ssh-ed25519 AAAAC3NzaC1lZDI1NTE5AAAAIM2Gf3rpa3TyHvZgA/v0+84xealEhUgo4GV4XxcE4hf0 m@ttjohnson.com:matt-mbp2019:20231204:ed25519\n","content_base64":"c3NoLWVkMjU1MTkgQUFBQUMzTnphQzFsWkRJMU5URTVBQUFBSU0yR2YzcnBhM1R5SHZaZ0EvdjArODR4ZWFsRWhVZ280R1Y0WHhjRTRoZjAgbUB0dGpvaG5zb24uY29tOm1hdHQtbWJwMjAxOToyMDIzMTIwNDplZDI1NTE5Cg==","content_base64sha256":"QgX+0xS7PGigbhHJY0rf8j4rvKAwPH3SbvdbB6a0g5Q=","content_base64sha512":"Ld/i+Q4X6dIbH4+BvfovpbG9LhiRaeTuvU79U1NsJe85g/qQ7Qh2mPSjqzQXtDJFD2XFSi9ZdP99paBraCIobw==","content_md5":"37a97f62edf69fe42e096d83a5406632","content_sha1":"cf05797f788222e74423abd75eabc6213493cb23","content_sha256":"4205fed314bb3c68a06e11c9634adff23e2bbca0303c7dd26ef75b07a6b48394","content_sha512":"2ddfe2f90e17e9d21b1f8f81bdfa2fa5b1bd2e189169e4eebd4efd53536c25ef3983fa90ed087698f4a3ab3417b432450f65c54a2f5974ff7da5a06b6822286f","filename":"/Users/mattjohnson/.ssh/id_ed25519.pub","id":"cf05797f788222e74423abd75eabc6213493cb23"},"sensitive_attributes":[]}]},{"mode":"managed","type":"incus_instance","name":"system","provider":"provider[\"registry.opentofu.org/lxc/incus\"]","instances":[{"index_key":"exp-incus-standalone","schema_version":0,"attributes":{"architecture":"x86_64","config":{"boot.autostart":"true","cloud-init.network-config":"network:\n    version: 2\n    ethernets:\n        enp5s0:\n            dhcp4: false\n            dhcp6: false\n    bridges:\n        externalbr0:\n            dhcp4: false\n            dhcp6: false\n            interfaces: [ enp5s0 ]\n            addresses: [ 10.10.30.16/24 ]\n            routes:\n              - to: default\n                via: 10.10.30.1\n            nameservers:\n              search: [ hc.deney.io, local ]\n              addresses: [ 10.10.30.3 ]\n            parameters:\n              stp: false\n              forward-delay: 0\n","cloud-init.user-data":"#cloud-config\n\"packages\":\n- \"openssh-server\"\n\"users\":\n- \"default\"\n- \"groups\": \"users, admin\"\n  \"lock_passwd\": true\n  \"name\": \"mattjohnson\"\n  \"primary_group\": \"mattjohnson\"\n  \"shell\": \"/bin/bash\"\n  \"ssh_authorized_keys\":\n  - |\n    ssh-ed25519 AAAAC3NzaC1lZDI1NTE5AAAAIM2Gf3rpa3TyHvZgA/v0+84xealEhUgo4GV4XxcE4hf0 m@ttjohnson.com:matt-mbp2019:20231204:ed25519\n  \"sudo\": \"ALL=(ALL) NOPASSWD:ALL\"\n","limits.cpu":"2","limits.memory":"3GiB"},"description":"","device":[{"name":"data","properties":{"pool":"local","source":"exp-incus-standalone-data"},"type":"disk"},{"name":"eth0","properties":{"nictype":"bridged","parent":"externalbr0"},"type":"nic"},{"name":"root","properties":{"path":"/","pool":"local","size":"30GiB"},"type":"disk"}],"ephemeral":false,"exec":null,"file":[],"image":"images:ubuntu/jammy/cloud/amd64","ipv4_address":null,"ipv6_address":null,"mac_address":"10:66:6a:d4:92:d3","name":"exp-incus-standalone","profiles":["default"],"project":null,"remote":null,"running":true,"source_file":null,"source_instance":null,"status":"Running","target":"","type":"virtual-machine","wait_for":[]},"sensitive_attributes":[],"dependencies":["data.external.get_local_username","data.local_file.cloud_init_ssh_key_pub","incus_storage_volume.data"]}]},{"mode":"managed","type":"incus_storage_volume","name":"data","provider":"provider[\"registry.opentofu.org/lxc/incus\"]","instances":[{"index_key":"exp-incus-standalone","schema_version":0,"attributes":{"config":{"size":"10GiB"},"content_type":"block","description":"","file":[],"location":"none","name":"exp-incus-standalone-data","pool":"local","project":null,"remote":null,"source_file":null,"source_volume":null,"target":"","type":"custom"},"sensitive_attributes":[]}]},{"mode":"managed","type":"local_file","name":"ansible_tofu_vars_file","provider":"provider[\"registry.opentofu.org/hashicorp/local\"]","instances":[{"schema_version":0,"attributes":{"content":"\"iac_implementation_id\": \"027956\"\n\"implementation_tag\": \"exp-incus-standalone\"\n\"infrastructure_tag\": \"experiment\"\n","content_base64":null,"content_base64sha256":"gj25n7Lsu1qpwxYJrfQSqS0yxtghddPq1e72vEPvZ/A=","content_base64sha512":"pjMBo1fJhCsV1aUUqnGvmow1eKKv28CkJAIToO7M4YJYdMlCCZpjjMEpYFT4JCs7324cmiMQUofLkZFvUv2eyQ==","content_md5":"d820ef80baa441071964e36d450473f7","content_sha1":"28565d8e7d49c49203bfa55a64e67a87543f7870","content_sha256":"823db99fb2ecbb5aa9c31609adf412a92d32c6d82175d3ead5eef6bc43ef67f0","content_sha512":"a63301a357c9842b15d5a514aa71af9a8c3578a2afdbc0a4240213a0eecce1825874c942099a638cc1296054f8242b3bdf6e1c9a23105287cb91916f52fd9ec9","directory_permission":"0777","file_permission":"0777","filename":"../ansible/inventories/group_vars/tofu_vars.yml","id":"28565d8e7d49c49203bfa55a64e67a87543f7870","sensitive_content":null,"source":null},"sensitive_attributes":[[{"type":"get_attr","value":"sensitive_content"}]],"dependencies":["random_id.implementation"]}]},{"mode":"managed","type":"local_file","name":"system_ansible_inventory","provider":"provider[\"registry.opentofu.org/hashicorp/local\"]","instances":[{"schema_version":0,"attributes":{"content":"all:\n  children:\n    system:\n      hosts:\n        exp-incus-standalone:\n          acme_dns_reg_cert_domains: []\n          acme_dns_replicate_registration: []\n          additional_disk_device_path: /dev/disk/by-id/scsi-0QEMU_QEMU_HARDDISK_incus_data\n          ansible_host: 10.10.30.16\n          attached_data_disk_type: block\n          certbot_domains: []\n          fq_hostname: exp-incus-standalone.hc.deney.io\n          net_default_gateway: 10.10.30.1\n          net_dns: 10.10.30.3\n          static_ipv4_to_use: 10.10.30.16\n    tofu_vars:\n      children:\n        system: {}\n","content_base64":null,"content_base64sha256":"qdYzN6AH7MmMPCgqzrwcWLosZYZIKPA+CfzF+gdqO3A=","content_base64sha512":"OgDX/hgbk3C/GOr3gLMc8NXBio7apUxYPMy0n1vrZvql/WSEyCQYTQMP395qhVrouClZDVII1wgvOxSiZDrJSw==","content_md5":"600d3f3de19bd9968a346f6e03b3126e","content_sha1":"4e2f1c59e9fa947657170bdced530d88d7944ec4","content_sha256":"a9d63337a007ecc98c3c282acebc1c58ba2c65864828f03e09fcc5fa076a3b70","content_sha512":"3a00d7fe181b9370bf18eaf780b31cf0d5c18a8edaa54c583cccb49f5beb66faa5fd6484c824184d030fdfde6a855ae8b829590d5208d7082f3b14a2643ac94b","directory_permission":"0777","file_permission":"0777","filename":"../ansible/inventories/hosts.yml","id":"4e2f1c59e9fa947657170bdced530d88d7944ec4","sensitive_content":null,"source":null},"sensitive_attributes":[[{"type":"get_attr","value":"sensitive_content"}]],"dependencies":["data.external.get_local_username","data.local_file.cloud_init_ssh_key_pub","incus_instance.system","incus_storage_volume.data"]}]},{"mode":"managed","type":"null_resource","name":"system_provisioning_pre_initialization","provider":"provider[\"registry.opentofu.org/hashicorp/null\"]","instances":[{"schema_version":0,"attributes":{"id":"6603043901231038770","triggers":{"instance_ids":"exp-incus-standalone"}},"sensitive_attributes":[],"dependencies":["data.external.get_local_username","data.local_file.cloud_init_ssh_key_pub","incus_instance.system","incus_storage_volume.data","local_file.ansible_tofu_vars_file","local_file.system_ansible_inventory","random_id.implementation"]}]},{"mode":"managed","type":"null_resource","name":"system_provisioning_server_config","provider":"provider[\"registry.opentofu.org/hashicorp/null\"]","instances":[{"schema_version":0,"attributes":{"id":"7808921849725112853","triggers":{"instance_ids":"exp-incus-standalone"}},"sensitive_attributes":[],"dependencies":["data.external.get_local_username","data.local_file.cloud_init_ssh_key_pub","incus_instance.system","incus_storage_volume.data","local_file.ansible_tofu_vars_file","local_file.system_ansible_inventory","null_resource.system_provisioning_pre_initialization","random_id.implementation"]}]},{"mode":"managed","type":"random_id","name":"implementation","provider":"provider[\"registry.opentofu.org/hashicorp/random\"]","instances":[{"schema_version":0,"attributes":{"b64_std":"AnlW","b64_url":"AnlW","byte_length":3,"dec":"162134","hex":"027956","id":"AnlW","keepers":null,"prefix":null},"sensitive_attributes":[]}]}],"check_results":[{"object_kind":"var","config_addr":"var.incus_instance_type","status":"pass","objects":[{"object_addr":"var.incus_instance_type","status":"pass"}]},{"object_kind":"var","config_addr":"var.incus_storage_volume_content_type","status":"pass","objects":[{"object_addr":"var.incus_storage_volume_content_type","status":"pass"}]}]}
